
Microsoft Visual Studio Solution File, Format Version 12.00
# Visual Studio Version 16
VisualStudioVersion = 16.0.31025.194
MinimumVisualStudioVersion = 10.0.40219.1
Project("{FAE04EC0-301F-11D3-BF4B-00C04F79EFBC}") = "Project05", "Project05\Project05.csproj", "{11966821-758D-4019-85FE-2D6F2C6152F3}"
EndProject
Global
	GlobalSection(SolutionConfigurationPlatforms) = preSolution
		Debug|Any CPU = Debug|Any CPU
		Release|Any CPU = Release|Any CPU
	EndGlobalSection
	GlobalSection(ProjectConfigurationPlatforms) = postSolution
		{11966821-758D-4019-85FE-2D6F2C6152F3}.Debug|Any CPU.ActiveCfg = Debug|Any CPU
		{11966821-758D-4019-85FE-2D6F2C6152F3}.Debug|Any CPU.Build.0 = Debug|Any CPU
		{11966821-758D-4019-85FE-2D6F2C6152F3}.Release|Any CPU.ActiveCfg = Release|Any CPU
		{11966821-758D-4019-85FE-2D6F2C6152F3}.Release|Any CPU.Build.0 = Release|Any CPU
	EndGlobalSection
	GlobalSection(SolutionProperties) = preSolution
		HideSolutionNode = FALSE
	EndGlobalSection
	GlobalSection(ExtensibilityGlobals) = postSolution
		SolutionGuid = {EAAAD8CE-182D-47CF-8297-9A895B69F151}
	EndGlobalSection
EndGlobal
